
Microsoft Visual Studio Solution File, Format Version 12.00
# Visual Studio Version 17
VisualStudioVersion = 17.4.33110.190
MinimumVisualStudioVersion = 10.0.40219.1
Project("{9A19103F-16F7-4668-BE54-9A1E7A4F7556}") = "SmartHRM.DataAccess", "SmartHRM.DataAccess\SmartHRM.DataAccess.csproj", "{0A3E2187-82BA-4F6C-982F-6A63366D3B55}"
EndProject
Project("{9A19103F-16F7-4668-BE54-9A1E7A4F7556}") = "SmartHRM.Models", "SmartHRM.Models\SmartHRM.Models.csproj", "{55ED284B-7562-424E-A4AA-65385256753B}"
EndProject
Project("{9A19103F-16F7-4668-BE54-9A1E7A4F7556}") = "SmartHRM.Utility", "SmartHRM.Utility\SmartHRM.Utility.csproj", "{B4537DBC-BB35-471C-9ADC-EFAB7336F55C}"
EndProject
Project("{9A19103F-16F7-4668-BE54-9A1E7A4F7556}") = "SmartHRMWeb", "SmartHRMWeb\SmartHRMWeb.csproj", "{5A6BFABE-06EC-4A47-80A1-4FBAF75358D8}"
	ProjectSection(ProjectDependencies) = postProject
		{55ED284B-7562-424E-A4AA-65385256753B} = {55ED284B-7562-424E-A4AA-65385256753B}
	EndProjectSection
EndProject
Global
	GlobalSection(SolutionConfigurationPlatforms) = preSolution
		Debug|Any CPU = Debug|Any CPU
		Release|Any CPU = Release|Any CPU
	EndGlobalSection
	GlobalSection(ProjectConfigurationPlatforms) = postSolution
		{0A3E2187-82BA-4F6C-982F-6A63366D3B55}.Debug|Any CPU.ActiveCfg = Debug|Any CPU
		{0A3E2187-82BA-4F6C-982F-6A63366D3B55}.Debug|Any CPU.Build.0 = Debug|Any CPU
		{0A3E2187-82BA-4F6C-982F-6A63366D3B55}.Release|Any CPU.ActiveCfg = Release|Any CPU
		{0A3E2187-82BA-4F6C-982F-6A63366D3B55}.Release|Any CPU.Build.0 = Release|Any CPU
		{55ED284B-7562-424E-A4AA-65385256753B}.Debug|Any CPU.ActiveCfg = Debug|Any CPU
		{55ED284B-7562-424E-A4AA-65385256753B}.Debug|Any CPU.Build.0 = Debug|Any CPU
		{55ED284B-7562-424E-A4AA-65385256753B}.Release|Any CPU.ActiveCfg = Release|Any CPU
		{55ED284B-7562-424E-A4AA-65385256753B}.Release|Any CPU.Build.0 = Release|Any CPU
		{B4537DBC-BB35-471C-9ADC-EFAB7336F55C}.Debug|Any CPU.ActiveCfg = Debug|Any CPU
		{B4537DBC-BB35-471C-9ADC-EFAB7336F55C}.Debug|Any CPU.Build.0 = Debug|Any CPU
		{B4537DBC-BB35-471C-9ADC-EFAB7336F55C}.Release|Any CPU.ActiveCfg = Release|Any CPU
		{B4537DBC-BB35-471C-9ADC-EFAB7336F55C}.Release|Any CPU.Build.0 = Release|Any CPU
		{5A6BFABE-06EC-4A47-80A1-4FBAF75358D8}.Debug|Any CPU.ActiveCfg = Debug|Any CPU
		{5A6BFABE-06EC-4A47-80A1-4FBAF75358D8}.Debug|Any CPU.Build.0 = Debug|Any CPU
		{5A6BFABE-06EC-4A47-80A1-4FBAF75358D8}.Release|Any CPU.ActiveCfg = Release|Any CPU
		{5A6BFABE-06EC-4A47-80A1-4FBAF75358D8}.Release|Any CPU.Build.0 = Release|Any CPU
	EndGlobalSection
	GlobalSection(SolutionProperties) = preSolution
		HideSolutionNode = FALSE
	EndGlobalSection
	GlobalSection(ExtensibilityGlobals) = postSolution
		SolutionGuid = {F1CEBF15-827D-4FA8-A271-C570DECD86F9}
	EndGlobalSection
EndGlobal
